
Microsoft Visual Studio Solution File, Format Version 12.00
# Visual Studio Version 16
VisualStudioVersion = 16.0.31729.503
MinimumVisualStudioVersion = 10.0.40219.1
Project("{FAE04EC0-301F-11D3-BF4B-00C04F79EFBC}") = "DelegatesAndEvents", "DelegatesAndEvents.csproj", "{4A42D1DB-C480-4FF1-A0DB-4555B9991823}"
EndProject
Global
	GlobalSection(SolutionConfigurationPlatforms) = preSolution
		Debug|Any CPU = Debug|Any CPU
		Release|Any CPU = Release|Any CPU
	EndGlobalSection
	GlobalSection(ProjectConfigurationPlatforms) = postSolution
		{4A42D1DB-C480-4FF1-A0DB-4555B9991823}.Debug|Any CPU.ActiveCfg = Debug|Any CPU
		{4A42D1DB-C480-4FF1-A0DB-4555B9991823}.Debug|Any CPU.Build.0 = Debug|Any CPU
		{4A42D1DB-C480-4FF1-A0DB-4555B9991823}.Release|Any CPU.ActiveCfg = Release|Any CPU
		{4A42D1DB-C480-4FF1-A0DB-4555B9991823}.Release|Any CPU.Build.0 = Release|Any CPU
	EndGlobalSection
	GlobalSection(SolutionProperties) = preSolution
		HideSolutionNode = FALSE
	EndGlobalSection
	GlobalSection(ExtensibilityGlobals) = postSolution
		SolutionGuid = {9F95B918-CD90-49E0-A83B-6A433E0923E5}
	EndGlobalSection
EndGlobal
